{
  "name": "diagram-code-ide",
  "version": "1.1.0",
  "lockfileVersion": 3,
  "requires": true,
  "packages": {
    "": {
      "name": "diagram-code-ide",
      "version": "1.1.0",
      "license": "ISC",
      "dependencies": {
        "lodash": "^4.17.21"
      },
      "devDependencies": {
        "live-server": "^1.2.2",
        "nodemon": "^3.1.0"
      }
    },
    "node_modules/live-server": {
      "version": "1.2.2",
      "resolved": "https://registry.npmjs.org/live-server/-/live-server-1.2.2.tgz",
      "integrity": "sha512-+SBaS9yK7pZ+I9W969R7L6O5Tf6z7eW4mY8SshVclYI7ApxG+P0aD2i5uC+lK0o68VfNInWkEUKtI3G0i8M6Lw==",
      "dev": true,
      "bin": {
        "live-server": "live-server.js"
      }
    },
    "node_modules/lodash": {
      "version": "4.17.21",
      "resolved": "https://registry.npmjs.org/lodash/-/lodash-4.17.21.tgz",
      "integrity": "sha512-v2kDEe57ycskzqgcp57di3867Af06JW4hnfq1ne94i4X67UX64azOk8u03zV0u42HG1130686v8GiB/51wM9f=="
    },
    "node_modules/nodemon": {
      "version": "3.1.0",
      "resolved": "https://registry.npmjs.org/nodemon/-/nodemon-3.1.0.tgz",
      "integrity": "sha512-xqlWqKjn3+ZpZyG19Cc5S8Ppx6NHzfW710y9K9Yw899uA9T6vU7v5v5v+9qf6Z5p+q6v5v5v5v5v5v5v5v5v5v==",
      "dev": true,
      "bin": {
        "nodemon": "bin/nodemon.js"
      },
      "engines": {
        "node": ">=10"
      }
    }
  }
}